
Microsoft Visual Studio Solution File, Format Version 12.00
# Visual Studio Version 17
VisualStudioVersion = 17.10.34928.147
MinimumVisualStudioVersion = 10.0.40219.1
Project("{FAE04EC0-301F-11D3-BF4B-00C04F79EFBC}") = "Calculator", "Calculator.csproj", "{171F1D3B-4605-4E87-A60F-06C8E1B0F73E}"
EndProject
Global
	GlobalSection(SolutionConfigurationPlatforms) = preSolution
		Debug|Any CPU = Debug|Any CPU
		Release|Any CPU = Release|Any CPU
	EndGlobalSection
	GlobalSection(ProjectConfigurationPlatforms) = postSolution
		{171F1D3B-4605-4E87-A60F-06C8E1B0F73E}.Debug|Any CPU.ActiveCfg = Debug|Any CPU
		{171F1D3B-4605-4E87-A60F-06C8E1B0F73E}.Debug|Any CPU.Build.0 = Debug|Any CPU
		{171F1D3B-4605-4E87-A60F-06C8E1B0F73E}.Release|Any CPU.ActiveCfg = Release|Any CPU
		{171F1D3B-4605-4E87-A60F-06C8E1B0F73E}.Release|Any CPU.Build.0 = Release|Any CPU
	EndGlobalSection
	GlobalSection(SolutionProperties) = preSolution
		HideSolutionNode = FALSE
	EndGlobalSection
	GlobalSection(ExtensibilityGlobals) = postSolution
		SolutionGuid = {C45ED8C5-280D-40AD-891F-2E1F2FC31C1E}
	EndGlobalSection
EndGlobal
